{
  "name": "serviceworker-cookbook",
  "version": "1.0.0",
  "lockfileVersion": 1,
  "requires": true,
  "dependencies": {
    "immediate": {
      "version": "3.0.6",
      "resolved": "https://artifactory.prod.adnxs.net:443/artifactory/api/npm/npm/immediate/3.0.6/immediate-3.0.6.tgz",
      "integrity": "sha1-nbHb0Pr43m++D13V5Wu2BigN5ps="
    },
    "lie": {
      "version": "3.1.1",
      "resolved": "https://artifactory.prod.adnxs.net:443/artifactory/api/npm/npm/lie/-/lie-3.1.1.tgz",
      "integrity": "sha1-mkNrLMd0bKWd56QfpGmz77dr2H4=",
      "requires": {
        "immediate": "~3.0.5"
      }
    },
    "localforage": {
      "version": "1.7.3",
      "resolved": "https://artifactory.prod.adnxs.net:443/artifactory/api/npm/npm/localforage/-/localforage-1.7.3.tgz",
      "integrity": "sha1-AIKzypc0Z54b1TSZW907JM8Q8gQ=",
      "requires": {
        "lie": "3.1.1"
      }
    }
  }
}
